// !$*UTF8*$!
{
	archiveVersion = 1;
	classes = {
	};
	objectVersion = 50;
	objects = {

/* Begin PBXBuildFile section */
		9206237323961599004EECD8 /* AppDelegate.swift in Sources */ = {isa = PBXBuildFile; fileRef = 9206237223961599004EECD8 /* AppDelegate.swift */; };
		9206237523961599004EECD8 /* SceneDelegate.swift in Sources */ = {isa = PBXBuildFile; fileRef = 9206237423961599004EECD8 /* SceneDelegate.swift */; };
		9206237723961599004EECD8 /* ViewController.swift in Sources */ = {isa = PBXBuildFile; fileRef = 9206237623961599004EECD8 /* ViewController.swift */; };
		9206237A23961599004EECD8 /* Main.storyboard in Resources */ = {isa = PBXBuildFile; fileRef = 9206237823961599004EECD8 /* Main.storyboard */; };
		9206237C239615A4004EECD8 /* Assets.xcassets in Resources */ = {isa = PBXBuildFile; fileRef = 9206237B239615A4004EECD8 /* Assets.xcassets */; };
		9206237F239615A4004EECD8 /* LaunchScreen.storyboard in Resources */ = {isa = PBXBuildFile; fileRef = 9206237D239615A4004EECD8 /* LaunchScreen.storyboard */; };
		9206238723961B78004EECD8 /* CardModule.swift in Sources */ = {isa = PBXBuildFile; fileRef = 9206238623961B78004EECD8 /* CardModule.swift */; };
		9206238923961D9D004EECD8 /* Card.swift in Sources */ = {isa = PBXBuildFile; fileRef = 9206238823961D9D004EECD8 /* Card.swift */; };
		9206238B239623D8004EECD8 /* CardCollectionViewCell.swift in Sources */ = {isa = PBXBuildFile; fileRef = 9206238A239623D8004EECD8 /* CardCollectionViewCell.swift */; };
		92A4350F2398973900C2D738 /* cardflip.wav in Resources */ = {isa = PBXBuildFile; fileRef = 92A4350B2398973800C2D738 /* cardflip.wav */; };
		92A435102398973900C2D738 /* dingwrong.wav in Resources */ = {isa = PBXBuildFile; fileRef = 92A4350C2398973900C2D738 /* dingwrong.wav */; };
		92A435112398973900C2D738 /* dingcorrect.wav in Resources */ = {isa = PBXBuildFile; fileRef = 92A4350D2398973900C2D738 /* dingcorrect.wav */; };
		92A435122398973900C2D738 /* shuffle.wav in Resources */ = {isa = PBXBuildFile; fileRef = 92A4350E2398973900C2D738 /* shuffle.wav */; };
		92A435152398978A00C2D738 /* AVFoundation.framework in Frameworks */ = {isa = PBXBuildFile; fileRef = 92A435142398978A00C2D738 /* AVFoundation.framework */; };
		92A43517239897DC00C2D738 /* SoundManger.swift in Sources */ = {isa = PBXBuildFile; fileRef = 92A43516239897DC00C2D738 /* SoundManger.swift */; };
/* End PBXBuildFile section */

/* Begin PBXFileReference section */
		9206236F23961599004EECD8 /* MatchGame.app */ = {isa = PBXFileReference; explicitFileType = wrapper.application; includeInIndex = 0; path = MatchGame.app; sourceTree = BUILT_PRODUCTS_DIR; };
		9206237223961599004EECD8 /* AppDelegate.swift */ = {isa = PBXFileReference; lastKnownFileType = sourcecode.swift; path = AppDelegate.swift; sourceTree = "<group>"; };
		9206237423961599004EECD8 /* SceneDelegate.swift */ = {isa = PBXFileReference; lastKnownFileType = sourcecode.swift; path = SceneDelegate.swift; sourceTree = "<group>"; };
		9206237623961599004EECD8 /* ViewController.swift */ = {isa = PBXFileReference; lastKnownFileType = sourcecode.swift; path = ViewController.swift; sourceTree = "<group>"; };
		9206237923961599004EECD8 /* Base */ = {isa = PBXFileReference; lastKnownFileType = file.storyboard; name = Base; path = Base.lproj/Main.storyboard; sourceTree = "<group>"; };
		9206237B239615A4004EECD8 /* Assets.xcassets */ = {isa = PBXFileReference; lastKnownFileType = folder.assetcatalog; path = Assets.xcassets; sourceTree = "<group>"; };
		9206237E239615A4004EECD8 /* Base */ = {isa = PBXFileReference; lastKnownFileType = file.storyboard; name = Base; path = Base.lproj/LaunchScreen.storyboard; sourceTree = "<group>"; };
		92062380239615A4004EECD8 /* Info.plist */ = {isa = PBXFileReference; lastKnownFileType = text.plist.xml; path = Info.plist; sourceTree = "<group>"; };
		9206238623961B78004EECD8 /* CardModule.swift */ = {isa = PBXFileReference; lastKnownFileType = sourcecode.swift; path = CardModule.swift; sourceTree = "<group>"; };
		9206238823961D9D004EECD8 /* Card.swift */ = {isa = PBXFileReference; lastKnownFileType = sourcecode.swift; path = Card.swift; sourceTree = "<group>"; };
		9206238A239623D8004EECD8 /* CardCollectionViewCell.swift */ = {isa = PBXFileReference; lastKnownFileType = sourcecode.swift; path = CardCollectionViewCell.swift; sourceTree = "<group>"; };
		92A4350B2398973800C2D738 /* cardflip.wav */ = {isa = PBXFileReference; lastKnownFileType = audio.wav; path = cardflip.wav; sourceTree = "<group>"; };
		92A4350C2398973900C2D738 /* dingwrong.wav */ = {isa = PBXFileReference; lastKnownFileType = audio.wav; path = dingwrong.wav; sourceTree = "<group>"; };
		92A4350D2398973900C2D738 /* dingcorrect.wav */ = {isa = PBXFileReference; lastKnownFileType = audio.wav; path = dingcorrect.wav; sourceTree = "<group>"; };
		92A4350E2398973900C2D738 /* shuffle.wav */ = {isa = PBXFileReference; lastKnownFileType = audio.wav; path = shuffle.wav; sourceTree = "<group>"; };
		92A435142398978A00C2D738 /* AVFoundation.framework */ = {isa = PBXFileReference; lastKnownFileType = wrapper.framework; name = AVFoundation.framework; path = System/Library/Frameworks/AVFoundation.framework; sourceTree = SDKROOT; };
		92A43516239897DC00C2D738 /* SoundManger.swift */ = {isa = PBXFileReference; lastKnownFileType = sourcecode.swift; path = SoundManger.swift; sourceTree = "<group>"; };
/* End PBXFileReference section */

/* Begin PBXFrameworksBuildPhase section */
		9206236C23961599004EECD8 /* Frameworks */ = {
			isa = PBXFrameworksBuildPhase;
			buildActionMask = 2147483647;
			files = (
				92A435152398978A00C2D738 /* AVFoundation.framework in Frameworks */,
			);
			runOnlyForDeploymentPostprocessing = 0;
		};
/* End PBXFrameworksBuildPhase section */

/* Begin PBXGroup section */
		9206236623961599004EECD8 = {
			isa = PBXGroup;
			children = (
				9206237123961599004EECD8 /* MatchGame */,
				9206237023961599004EECD8 /* Products */,
				92A435132398978A00C2D738 /* Frameworks */,
			);
			sourceTree = "<group>";
		};
		9206237023961599004EECD8 /* Products */ = {
			isa = PBXGroup;
			children = (
				9206236F23961599004EECD8 /* MatchGame.app */,
			);
			name = Products;
			sourceTree = "<group>";
		};
		9206237123961599004EECD8 /* MatchGame */ = {
			isa = PBXGroup;
			children = (
				92A4350A2397E7FB00C2D738 /* Sounds */,
				9206237223961599004EECD8 /* AppDelegate.swift */,
				9206237423961599004EECD8 /* SceneDelegate.swift */,
				9206237623961599004EECD8 /* ViewController.swift */,
				9206238623961B78004EECD8 /* CardModule.swift */,
				9206238823961D9D004EECD8 /* Card.swift */,
				9206238A239623D8004EECD8 /* CardCollectionViewCell.swift */,
				92A43516239897DC00C2D738 /* SoundManger.swift */,
				9206237823961599004EECD8 /* Main.storyboard */,
				9206237B239615A4004EECD8 /* Assets.xcassets */,
				9206237D239615A4004EECD8 /* LaunchScreen.storyboard */,
				92062380239615A4004EECD8 /* Info.plist */,
			);
			path = MatchGame;
			sourceTree = "<group>";
		};
		92A4350A2397E7FB00C2D738 /* Sounds */ = {
			isa = PBXGroup;
			children = (
				92A4350B2398973800C2D738 /* cardflip.wav */,
				92A4350D2398973900C2D738 /* dingcorrect.wav */,
				92A4350C2398973900C2D738 /* dingwrong.wav */,
				92A4350E2398973900C2D738 /* shuffle.wav */,
			);
			path = Sounds;
			sourceTree = "<group>";
		};
		92A435132398978A00C2D738 /* Frameworks */ = {
			isa = PBXGroup;
			children = (
				92A435142398978A00C2D738 /* AVFoundation.framework */,
			);
			name = Frameworks;
			sourceTree = "<group>";
		};
/* End PBXGroup section */

/* Begin PBXNativeTarget section */
		9206236E23961599004EECD8 /* MatchGame */ = {
			isa = PBXNativeTarget;
			buildConfigurationList = 92062383239615A4004EECD8 /* Build configuration list for PBXNativeTarget "MatchGame" */;
			buildPhases = (
				9206236B23961599004EECD8 /* Sources */,
				9206236C23961599004EECD8 /* Frameworks */,
				9206236D23961599004EECD8 /* Resources */,
			);
			buildRules = (
			);
			dependencies = (
			);
			name = MatchGame;
			productName = MatchGame;
			productReference = 9206236F23961599004EECD8 /* MatchGame.app */;
			productType = "com.apple.product-type.application";
		};
/* End PBXNativeTarget section */

/* Begin PBXProject section */
		9206236723961599004EECD8 /* Project object */ = {
			isa = PBXProject;
			attributes = {
				LastSwiftUpdateCheck = 1120;
				LastUpgradeCheck = 1120;
				ORGANIZATIONNAME = "Kim Yeon Jeong";
				TargetAttributes = {
					9206236E23961599004EECD8 = {
						CreatedOnToolsVersion = 11.2.1;
					};
				};
			};
			buildConfigurationList = 9206236A23961599004EECD8 /* Build configuration list for PBXProject "MatchGame" */;
			compatibilityVersion = "Xcode 9.3";
			developmentRegion = en;
			hasScannedForEncodings = 0;
			knownRegions = (
				en,
				Base,
			);
			mainGroup = 9206236623961599004EECD8;
			productRefGroup = 9206237023961599004EECD8 /* Products */;
			projectDirPath = "";
			projectRoot = "";
			targets = (
				9206236E23961599004EECD8 /* MatchGame */,
			);
		};
/* End PBXProject section */

/* Begin PBXResourcesBuildPhase section */
		9206236D23961599004EECD8 /* Resources */ = {
			isa = PBXResourcesBuildPhase;
			buildActionMask = 2147483647;
			files = (
				9206237F239615A4004EECD8 /* LaunchScreen.storyboard in Resources */,
				92A435102398973900C2D738 /* dingwrong.wav in Resources */,
				92A4350F2398973900C2D738 /* cardflip.wav in Resources */,
				92A435122398973900C2D738 /* shuffle.wav in Resources */,
				9206237C239615A4004EECD8 /* Assets.xcassets in Resources */,
				9206237A23961599004EECD8 /* Main.storyboard in Resources */,
				92A435112398973900C2D738 /* dingcorrect.wav in Resources */,
			);
			runOnlyForDeploymentPostprocessing = 0;
		};
/* End PBXResourcesBuildPhase section */

/* Begin PBXSourcesBuildPhase section */
		9206236B23961599004EECD8 /* Sources */ = {
			isa = PBXSourcesBuildPhase;
			buildActionMask = 2147483647;
			files = (
				9206237723961599004EECD8 /* ViewController.swift in Sources */,
				92A43517239897DC00C2D738 /* SoundManger.swift in Sources */,
				9206237323961599004EECD8 /* AppDelegate.swift in Sources */,
				9206238B239623D8004EECD8 /* CardCollectionViewCell.swift in Sources */,
				9206238923961D9D004EECD8 /* Card.swift in Sources */,
				9206237523961599004EECD8 /* SceneDelegate.swift in Sources */,
				9206238723961B78004EECD8 /* CardModule.swift in Sources */,
			);
			runOnlyForDeploymentPostprocessing = 0;
		};
/* End PBXSourcesBuildPhase section */

/* Begin PBXVariantGroup section */
		9206237823961599004EECD8 /* Main.storyboard */ = {
			isa = PBXVariantGroup;
			children = (
				9206237923961599004EECD8 /* Base */,
			);
			name = Main.storyboard;
			sourceTree = "<group>";
		};
		9206237D239615A4004EECD8 /* LaunchScreen.storyboard */ = {
			isa = PBXVariantGroup;
			children = (
				9206237E239615A4004EECD8 /* Base */,
			);
			name = LaunchScreen.storyboard;
			sourceTree = "<group>";
		};
/* End PBXVariantGroup section */

/* Begin XCBuildConfiguration section */
		92062381239615A4004EECD8 /* Debug */ = {
			isa = XCBuildConfiguration;
			buildSettings = {
				ALWAYS_SEARCH_USER_PATHS = NO;
				CLANG_ANALYZER_NONNULL = YES;
				CLANG_ANALYZER_NUMBER_OBJECT_CONVERSION = YES_AGGRESSIVE;
				CLANG_CXX_LANGUAGE_STANDARD = "gnu++14";
				CLANG_CXX_LIBRARY = "libc++";
				CLANG_ENABLE_MODULES = YES;
				CLANG_ENABLE_OBJC_ARC = YES;
				CLANG_ENABLE_OBJC_WEAK = YES;
				CLANG_WARN_BLOCK_CAPTURE_AUTORELEASING = YES;
				CLANG_WARN_BOOL_CONVERSION = YES;
				CLANG_WARN_COMMA = YES;
				CLANG_WARN_CONSTANT_CONVERSION = YES;
				CLANG_WARN_DEPRECATED_OBJC_IMPLEMENTATIONS = YES;
				CLANG_WARN_DIRECT_OBJC_ISA_USAGE = YES_ERROR;
				CLANG_WARN_DOCUMENTATION_COMMENTS = YES;
				CLANG_WARN_EMPTY_BODY = YES;
				CLANG_WARN_ENUM_CONVERSION = YES;
				CLANG_WARN_INFINITE_RECURSION = YES;
				CLANG_WARN_INT_CONVERSION = YES;
				CLANG_WARN_NON_LITERAL_NULL_CONVERSION = YES;
				CLANG_WARN_OBJC_IMPLICIT_RETAIN_SELF = YES;
				CLANG_WARN_OBJC_LITERAL_CONVERSION = YES;
				CLANG_WARN_OBJC_ROOT_CLASS = YES_ERROR;
				CLANG_WARN_RANGE_LOOP_ANALYSIS = YES;
				CLANG_WARN_STRICT_PROTOTYPES = YES;
				CLANG_WARN_SUSPICIOUS_MOVE = YES;
				CLANG_WARN_UNGUARDED_AVAILABILITY = YES_AGGRESSIVE;
				CLANG_WARN_UNREACHABLE_CODE = YES;
				CLANG_WARN__DUPLICATE_METHOD_MATCH = YES;
				COPY_PHASE_STRIP = NO;
				DEBUG_INFORMATION_FORMAT = dwarf;
				ENABLE_STRICT_OBJC_MSGSEND = YES;
				ENABLE_TESTABILITY = YES;
				GCC_C_LANGUAGE_STANDARD = gnu11;
				GCC_DYNAMIC_NO_PIC = NO;
				GCC_NO_COMMON_BLOCKS = YES;
				GCC_OPTIMIZATION_LEVEL = 0;
				GCC_PREPROCESSOR_DEFINITIONS = (
					"DEBUG=1",
					"$(inherited)",
				);
				GCC_WARN_64_TO_32_BIT_CONVERSION = YES;
				GCC_WARN_ABOUT_RETURN_TYPE = YES_ERROR;
				GCC_WARN_UNDECLARED_SELECTOR = YES;
				GCC_WARN_UNINITIALIZED_AUTOS = YES_AGGRESSIVE;
				GCC_WARN_UNUSED_FUNCTION = YES;
				GCC_WARN_UNUSED_VARIABLE = YES;
				IPHONEOS_DEPLOYMENT_TARGET = 13.2;
				MTL_ENABLE_DEBUG_INFO = INCLUDE_SOURCE;
				MTL_FAST_MATH = YES;
				ONLY_ACTIVE_ARCH = YES;
				SDKROOT = iphoneos;
				SWIFT_ACTIVE_COMPILATION_CONDITIONS = DEBUG;
				SWIFT_OPTIMIZATION_LEVEL = "-Onone";
			};
			name = Debug;
		};
		92062382239615A4004EECD8 /* Release */ = {
			isa = XCBuildConfiguration;
			buildSettings = {
				ALWAYS_SEARCH_USER_PATHS = NO;
				CLANG_ANALYZER_NONNULL = YES;
				CLANG_ANALYZER_NUMBER_OBJECT_CONVERSION = YES_AGGRESSIVE;
				CLANG_CXX_LANGUAGE_STANDARD = "gnu++14";
				CLANG_CXX_LIBRARY = "libc++";
				CLANG_ENABLE_MODULES = YES;
				CLANG_ENABLE_OBJC_ARC = YES;
				CLANG_ENABLE_OBJC_WEAK = YES;
				CLANG_WARN_BLOCK_CAPTURE_AUTORELEASING = YES;
				CLANG_WARN_BOOL_CONVERSION = YES;
				CLANG_WARN_COMMA = YES;
				CLANG_WARN_CONSTANT_CONVERSION = YES;
				CLANG_WARN_DEPRECATED_OBJC_IMPLEMENTATIONS = YES;
				CLANG_WARN_DIRECT_OBJC_ISA_USAGE = YES_ERROR;
				CLANG_WARN_DOCUMENTATION_COMMENTS = YES;
				CLANG_WARN_EMPTY_BODY = YES;
				CLANG_WARN_ENUM_CONVERSION = YES;
				CLANG_WARN_INFINITE_RECURSION = YES;
				CLANG_WARN_INT_CONVERSION = YES;
				CLANG_WARN_NON_LITERAL_NULL_CONVERSION = YES;
				CLANG_WARN_OBJC_IMPLICIT_RETAIN_SELF = YES;
				CLANG_WARN_OBJC_LITERAL_CONVERSION = YES;
				CLANG_WARN_OBJC_ROOT_CLASS = YES_ERROR;
				CLANG_WARN_RANGE_LOOP_ANALYSIS = YES;
				CLANG_WARN_STRICT_PROTOTYPES = YES;
				CLANG_WARN_SUSPICIOUS_MOVE = YES;
				CLANG_WARN_UNGUARDED_AVAILABILITY = YES_AGGRESSIVE;
				CLANG_WARN_UNREACHABLE_CODE = YES;
				CLANG_WARN__DUPLICATE_METHOD_MATCH = YES;
				COPY_PHASE_STRIP = NO;
				DEBUG_INFORMATION_FORMAT = "dwarf-with-dsym";
				ENABLE_NS_ASSERTIONS = NO;
				ENABLE_STRICT_OBJC_MSGSEND = YES;
				GCC_C_LANGUAGE_STANDARD = gnu11;
				GCC_NO_COMMON_BLOCKS = YES;
				GCC_WARN_64_TO_32_BIT_CONVERSION = YES;
				GCC_WARN_ABOUT_RETURN_TYPE = YES_ERROR;
				GCC_WARN_UNDECLARED_SELECTOR = YES;
				GCC_WARN_UNINITIALIZED_AUTOS = YES_AGGRESSIVE;
				GCC_WARN_UNUSED_FUNCTION = YES;
				GCC_WARN_UNUSED_VARIABLE = YES;
				IPHONEOS_DEPLOYMENT_TARGET = 13.2;
				MTL_ENABLE_DEBUG_INFO = NO;
				MTL_FAST_MATH = YES;
				SDKROOT = iphoneos;
				SWIFT_COMPILATION_MODE = wholemodule;
				SWIFT_OPTIMIZATION_LEVEL = "-O";
				VALIDATE_PRODUCT = YES;
			};
			name = Release;
		};
		92062384239615A4004EECD8 /* Debug */ = {
			isa = XCBuildConfiguration;
			buildSettings = {
				ASSETCATALOG_COMPILER_APPICON_NAME = AppIcon;
				CODE_SIGN_STYLE = Automatic;
				DEVELOPMENT_TEAM = 8Z2W5ZDA6N;
				INFOPLIST_FILE = MatchGame/Info.plist;
				LD_RUNPATH_SEARCH_PATHS = (
					"$(inherited)",
					"@executable_path/Frameworks",
				);
				PRODUCT_BUNDLE_IDENTIFIER = com.meibanfa.MatchGame;
				PRODUCT_NAME = "$(TARGET_NAME)";
				SWIFT_VERSION = 5.0;
				TARGETED_DEVICE_FAMILY = "1,2";
			};
			name = Debug;
		};
		92062385239615A4004EECD8 /* Release */ = {
			isa = XCBuildConfiguration;
			buildSettings = {
				ASSETCATALOG_COMPILER_APPICON_NAME = AppIcon;
				CODE_SIGN_STYLE = Automatic;
				DEVELOPMENT_TEAM = 8Z2W5ZDA6N;
				INFOPLIST_FILE = MatchGame/Info.plist;
				LD_RUNPATH_SEARCH_PATHS = (
					"$(inherited)",
					"@executable_path/Frameworks",
				);
				PRODUCT_BUNDLE_IDENTIFIER = com.meibanfa.MatchGame;
				PRODUCT_NAME = "$(TARGET_NAME)";
				SWIFT_VERSION = 5.0;
				TARGETED_DEVICE_FAMILY = "1,2";
			};
			name = Release;
		};
/* End XCBuildConfiguration section */

/* Begin XCConfigurationList section */
		9206236A23961599004EECD8 /* Build configuration list for PBXProject "MatchGame" */ = {
			isa = XCConfigurationList;
			buildConfigurations = (
				92062381239615A4004EECD8 /* Debug */,
				92062382239615A4004EECD8 /* Release */,
			);
			defaultConfigurationIsVisible = 0;
			defaultConfigurationName = Release;
		};
		92062383239615A4004EECD8 /* Build configuration list for PBXNativeTarget "MatchGame" */ = {
			isa = XCConfigurationList;
			buildConfigurations = (
				92062384239615A4004EECD8 /* Debug */,
				92062385239615A4004EECD8 /* Release */,
			);
			defaultConfigurationIsVisible = 0;
			defaultConfigurationName = Release;
		};
/* End XCConfigurationList section */
	};
	rootObject = 9206236723961599004EECD8 /* Project object */;
}
